
Microsoft Visual Studio Solution File, Format Version 12.00
# Visual Studio 15
VisualStudioVersion = 15.0.26403.7
MinimumVisualStudioVersion = 10.0.40219.1
Project("{9A19103F-16F7-4668-BE54-9A1E7A4F7556}") = "TeamScreen", "TeamScreen\TeamScreen.csproj", "{2A8A54A5-48AB-4233-BB39-98D4E528CC7A}"
EndProject
Project("{FAE04EC0-301F-11D3-BF4B-00C04F79EFBC}") = "TeamScreen.Tests", "TeamScreen.Tests\TeamScreen.Tests.csproj", "{788CB121-A2C3-4929-A3C0-54318E8AAFF6}"
EndProject
Project("{FAE04EC0-301F-11D3-BF4B-00C04F79EFBC}") = "TeamScreen.Plugin.Base", "TeamScreen.Plugin.Base\TeamScreen.Plugin.Base.csproj", "{AD2A9784-4334-413C-ABC4-CF763A4F835E}"
EndProject
Project("{FAE04EC0-301F-11D3-BF4B-00C04F79EFBC}") = "TeamScreen.Plugin.TeamCity", "TeamScreen.Plugin.TeamCity\TeamScreen.Plugin.TeamCity.csproj", "{6CD17225-DF64-4BCC-861A-0250786F6E74}"
EndProject
Project("{FAE04EC0-301F-11D3-BF4B-00C04F79EFBC}") = "TeamScreen.Plugin.Jira", "TeamScreen.Plugin.Jira\TeamScreen.Plugin.Jira.csproj", "{8B1340A7-8C30-4A05-95AF-48E903DFA643}"
EndProject
Project("{FAE04EC0-301F-11D3-BF4B-00C04F79EFBC}") = "TeamScreen.Data", "TeamScreen.Data\TeamScreen.Data.csproj", "{65130E12-6E80-4AE2-A621-1C3A769A1CB0}"
EndProject
Project("{FAE04EC0-301F-11D3-BF4B-00C04F79EFBC}") = "TeamScreen.Plugin.HealthCheck", "TeamScreen.Plugin.HealthCheck\TeamScreen.Plugin.HealthCheck.csproj", "{31AD2EE8-F393-40B2-943B-17AD56DD8175}"
EndProject
Project("{FAE04EC0-301F-11D3-BF4B-00C04F79EFBC}") = "TeamScreen.Plugin.ProjectTeam", "TeamScreen.Plugin.ProjectTeam\TeamScreen.Plugin.ProjectTeam.csproj", "{FE040B3C-ADDE-4E72-9F8C-63A17B85CCBF}"
EndProject
Global
	GlobalSection(SolutionConfigurationPlatforms) = preSolution
		Debug|Any CPU = Debug|Any CPU
		Debug|x64 = Debug|x64
		Debug|x86 = Debug|x86
		Release|Any CPU = Release|Any CPU
		Release|x64 = Release|x64
		Release|x86 = Release|x86
	EndGlobalSection
	GlobalSection(ProjectConfigurationPlatforms) = postSolution
		{2A8A54A5-48AB-4233-BB39-98D4E528CC7A}.Debug|Any CPU.ActiveCfg = Debug|Any CPU
		{2A8A54A5-48AB-4233-BB39-98D4E528CC7A}.Debug|Any CPU.Build.0 = Debug|Any CPU
		{2A8A54A5-48AB-4233-BB39-98D4E528CC7A}.Debug|x64.ActiveCfg = Debug|Any CPU
		{2A8A54A5-48AB-4233-BB39-98D4E528CC7A}.Debug|x64.Build.0 = Debug|Any CPU
		{2A8A54A5-48AB-4233-BB39-98D4E528CC7A}.Debug|x86.ActiveCfg = Debug|Any CPU
		{2A8A54A5-48AB-4233-BB39-98D4E528CC7A}.Debug|x86.Build.0 = Debug|Any CPU
		{2A8A54A5-48AB-4233-BB39-98D4E528CC7A}.Release|Any CPU.ActiveCfg = Release|Any CPU
		{2A8A54A5-48AB-4233-BB39-98D4E528CC7A}.Release|Any CPU.Build.0 = Release|Any CPU
		{2A8A54A5-48AB-4233-BB39-98D4E528CC7A}.Release|x64.ActiveCfg = Release|Any CPU
		{2A8A54A5-48AB-4233-BB39-98D4E528CC7A}.Release|x64.Build.0 = Release|Any CPU
		{2A8A54A5-48AB-4233-BB39-98D4E528CC7A}.Release|x86.ActiveCfg = Release|Any CPU
		{2A8A54A5-48AB-4233-BB39-98D4E528CC7A}.Release|x86.Build.0 = Release|Any CPU
		{788CB121-A2C3-4929-A3C0-54318E8AAFF6}.Debug|Any CPU.ActiveCfg = Debug|Any CPU
		{788CB121-A2C3-4929-A3C0-54318E8AAFF6}.Debug|Any CPU.Build.0 = Debug|Any CPU
		{788CB121-A2C3-4929-A3C0-54318E8AAFF6}.Debug|x64.ActiveCfg = Debug|Any CPU
		{788CB121-A2C3-4929-A3C0-54318E8AAFF6}.Debug|x64.Build.0 = Debug|Any CPU
		{788CB121-A2C3-4929-A3C0-54318E8AAFF6}.Debug|x86.ActiveCfg = Debug|Any CPU
		{788CB121-A2C3-4929-A3C0-54318E8AAFF6}.Debug|x86.Build.0 = Debug|Any CPU
		{788CB121-A2C3-4929-A3C0-54318E8AAFF6}.Release|Any CPU.ActiveCfg = Release|Any CPU
		{788CB121-A2C3-4929-A3C0-54318E8AAFF6}.Release|Any CPU.Build.0 = Release|Any CPU
		{788CB121-A2C3-4929-A3C0-54318E8AAFF6}.Release|x64.ActiveCfg = Release|Any CPU
		{788CB121-A2C3-4929-A3C0-54318E8AAFF6}.Release|x64.Build.0 = Release|Any CPU
		{788CB121-A2C3-4929-A3C0-54318E8AAFF6}.Release|x86.ActiveCfg = Release|Any CPU
		{788CB121-A2C3-4929-A3C0-54318E8AAFF6}.Release|x86.Build.0 = Release|Any CPU
		{AD2A9784-4334-413C-ABC4-CF763A4F835E}.Debug|Any CPU.ActiveCfg = Debug|Any CPU
		{AD2A9784-4334-413C-ABC4-CF763A4F835E}.Debug|Any CPU.Build.0 = Debug|Any CPU
		{AD2A9784-4334-413C-ABC4-CF763A4F835E}.Debug|x64.ActiveCfg = Debug|Any CPU
		{AD2A9784-4334-413C-ABC4-CF763A4F835E}.Debug|x64.Build.0 = Debug|Any CPU
		{AD2A9784-4334-413C-ABC4-CF763A4F835E}.Debug|x86.ActiveCfg = Debug|Any CPU
		{AD2A9784-4334-413C-ABC4-CF763A4F835E}.Debug|x86.Build.0 = Debug|Any CPU
		{AD2A9784-4334-413C-ABC4-CF763A4F835E}.Release|Any CPU.ActiveCfg = Release|Any CPU
		{AD2A9784-4334-413C-ABC4-CF763A4F835E}.Release|Any CPU.Build.0 = Release|Any CPU
		{AD2A9784-4334-413C-ABC4-CF763A4F835E}.Release|x64.ActiveCfg = Release|Any CPU
		{AD2A9784-4334-413C-ABC4-CF763A4F835E}.Release|x64.Build.0 = Release|Any CPU
		{AD2A9784-4334-413C-ABC4-CF763A4F835E}.Release|x86.ActiveCfg = Release|Any CPU
		{AD2A9784-4334-413C-ABC4-CF763A4F835E}.Release|x86.Build.0 = Release|Any CPU
		{6CD17225-DF64-4BCC-861A-0250786F6E74}.Debug|Any CPU.ActiveCfg = Debug|Any CPU
		{6CD17225-DF64-4BCC-861A-0250786F6E74}.Debug|Any CPU.Build.0 = Debug|Any CPU
		{6CD17225-DF64-4BCC-861A-0250786F6E74}.Debug|x64.ActiveCfg = Debug|Any CPU
		{6CD17225-DF64-4BCC-861A-0250786F6E74}.Debug|x64.Build.0 = Debug|Any CPU
		{6CD17225-DF64-4BCC-861A-0250786F6E74}.Debug|x86.ActiveCfg = Debug|Any CPU
		{6CD17225-DF64-4BCC-861A-0250786F6E74}.Debug|x86.Build.0 = Debug|Any CPU
		{6CD17225-DF64-4BCC-861A-0250786F6E74}.Release|Any CPU.ActiveCfg = Release|Any CPU
		{6CD17225-DF64-4BCC-861A-0250786F6E74}.Release|Any CPU.Build.0 = Release|Any CPU
		{6CD17225-DF64-4BCC-861A-0250786F6E74}.Release|x64.ActiveCfg = Release|Any CPU
		{6CD17225-DF64-4BCC-861A-0250786F6E74}.Release|x64.Build.0 = Release|Any CPU
		{6CD17225-DF64-4BCC-861A-0250786F6E74}.Release|x86.ActiveCfg = Release|Any CPU
		{6CD17225-DF64-4BCC-861A-0250786F6E74}.Release|x86.Build.0 = Release|Any CPU
		{8B1340A7-8C30-4A05-95AF-48E903DFA643}.Debug|Any CPU.ActiveCfg = Debug|Any CPU
		{8B1340A7-8C30-4A05-95AF-48E903DFA643}.Debug|Any CPU.Build.0 = Debug|Any CPU
		{8B1340A7-8C30-4A05-95AF-48E903DFA643}.Debug|x64.ActiveCfg = Debug|Any CPU
		{8B1340A7-8C30-4A05-95AF-48E903DFA643}.Debug|x64.Build.0 = Debug|Any CPU
		{8B1340A7-8C30-4A05-95AF-48E903DFA643}.Debug|x86.ActiveCfg = Debug|Any CPU
		{8B1340A7-8C30-4A05-95AF-48E903DFA643}.Debug|x86.Build.0 = Debug|Any CPU
		{8B1340A7-8C30-4A05-95AF-48E903DFA643}.Release|Any CPU.ActiveCfg = Release|Any CPU
		{8B1340A7-8C30-4A05-95AF-48E903DFA643}.Release|Any CPU.Build.0 = Release|Any CPU
		{8B1340A7-8C30-4A05-95AF-48E903DFA643}.Release|x64.ActiveCfg = Release|Any CPU
		{8B1340A7-8C30-4A05-95AF-48E903DFA643}.Release|x64.Build.0 = Release|Any CPU
		{8B1340A7-8C30-4A05-95AF-48E903DFA643}.Release|x86.ActiveCfg = Release|Any CPU
		{8B1340A7-8C30-4A05-95AF-48E903DFA643}.Release|x86.Build.0 = Release|Any CPU
		{65130E12-6E80-4AE2-A621-1C3A769A1CB0}.Debug|Any CPU.ActiveCfg = Debug|Any CPU
		{65130E12-6E80-4AE2-A621-1C3A769A1CB0}.Debug|Any CPU.Build.0 = Debug|Any CPU
		{65130E12-6E80-4AE2-A621-1C3A769A1CB0}.Debug|x64.ActiveCfg = Debug|Any CPU
		{65130E12-6E80-4AE2-A621-1C3A769A1CB0}.Debug|x64.Build.0 = Debug|Any CPU
		{65130E12-6E80-4AE2-A621-1C3A769A1CB0}.Debug|x86.ActiveCfg = Debug|Any CPU
		{65130E12-6E80-4AE2-A621-1C3A769A1CB0}.Debug|x86.Build.0 = Debug|Any CPU
		{65130E12-6E80-4AE2-A621-1C3A769A1CB0}.Release|Any CPU.ActiveCfg = Release|Any CPU
		{65130E12-6E80-4AE2-A621-1C3A769A1CB0}.Release|Any CPU.Build.0 = Release|Any CPU
		{65130E12-6E80-4AE2-A621-1C3A769A1CB0}.Release|x64.ActiveCfg = Release|Any CPU
		{65130E12-6E80-4AE2-A621-1C3A769A1CB0}.Release|x64.Build.0 = Release|Any CPU
		{65130E12-6E80-4AE2-A621-1C3A769A1CB0}.Release|x86.ActiveCfg = Release|Any CPU
		{65130E12-6E80-4AE2-A621-1C3A769A1CB0}.Release|x86.Build.0 = Release|Any CPU
		{31AD2EE8-F393-40B2-943B-17AD56DD8175}.Debug|Any CPU.ActiveCfg = Debug|Any CPU
		{31AD2EE8-F393-40B2-943B-17AD56DD8175}.Debug|Any CPU.Build.0 = Debug|Any CPU
		{31AD2EE8-F393-40B2-943B-17AD56DD8175}.Debug|x64.ActiveCfg = Debug|Any CPU
		{31AD2EE8-F393-40B2-943B-17AD56DD8175}.Debug|x64.Build.0 = Debug|Any CPU
		{31AD2EE8-F393-40B2-943B-17AD56DD8175}.Debug|x86.ActiveCfg = Debug|Any CPU
		{31AD2EE8-F393-40B2-943B-17AD56DD8175}.Debug|x86.Build.0 = Debug|Any CPU
		{31AD2EE8-F393-40B2-943B-17AD56DD8175}.Release|Any CPU.ActiveCfg = Release|Any CPU
		{31AD2EE8-F393-40B2-943B-17AD56DD8175}.Release|Any CPU.Build.0 = Release|Any CPU
		{31AD2EE8-F393-40B2-943B-17AD56DD8175}.Release|x64.ActiveCfg = Release|Any CPU
		{31AD2EE8-F393-40B2-943B-17AD56DD8175}.Release|x64.Build.0 = Release|Any CPU
		{31AD2EE8-F393-40B2-943B-17AD56DD8175}.Release|x86.ActiveCfg = Release|Any CPU
		{31AD2EE8-F393-40B2-943B-17AD56DD8175}.Release|x86.Build.0 = Release|Any CPU
		{FE040B3C-ADDE-4E72-9F8C-63A17B85CCBF}.Debug|Any CPU.ActiveCfg = Debug|Any CPU
		{FE040B3C-ADDE-4E72-9F8C-63A17B85CCBF}.Debug|Any CPU.Build.0 = Debug|Any CPU
		{FE040B3C-ADDE-4E72-9F8C-63A17B85CCBF}.Debug|x64.ActiveCfg = Debug|Any CPU
		{FE040B3C-ADDE-4E72-9F8C-63A17B85CCBF}.Debug|x64.Build.0 = Debug|Any CPU
		{FE040B3C-ADDE-4E72-9F8C-63A17B85CCBF}.Debug|x86.ActiveCfg = Debug|Any CPU
		{FE040B3C-ADDE-4E72-9F8C-63A17B85CCBF}.Debug|x86.Build.0 = Debug|Any CPU
		{FE040B3C-ADDE-4E72-9F8C-63A17B85CCBF}.Release|Any CPU.ActiveCfg = Release|Any CPU
		{FE040B3C-ADDE-4E72-9F8C-63A17B85CCBF}.Release|Any CPU.Build.0 = Release|Any CPU
		{FE040B3C-ADDE-4E72-9F8C-63A17B85CCBF}.Release|x64.ActiveCfg = Release|Any CPU
		{FE040B3C-ADDE-4E72-9F8C-63A17B85CCBF}.Release|x64.Build.0 = Release|Any CPU
		{FE040B3C-ADDE-4E72-9F8C-63A17B85CCBF}.Release|x86.ActiveCfg = Release|Any CPU
		{FE040B3C-ADDE-4E72-9F8C-63A17B85CCBF}.Release|x86.Build.0 = Release|Any CPU
	EndGlobalSection
	GlobalSection(SolutionProperties) = preSolution
		HideSolutionNode = FALSE
	EndGlobalSection
EndGlobal
